
Microsoft Visual Studio Solution File, Format Version 12.00
# Visual Studio Version 17
VisualStudioVersion = 17.13.35825.156 d17.13
MinimumVisualStudioVersion = 10.0.40219.1
Project("{FAE04EC0-301F-11D3-BF4B-00C04F79EFBC}") = "BookLendingAPI", "BookLendingAPI\BookLendingAPI.csproj", "{97F43A78-49B7-448E-A97A-181B685D73F5}"
EndProject
Global
	GlobalSection(SolutionConfigurationPlatforms) = preSolution
		Debug|Any CPU = Debug|Any CPU
		Release|Any CPU = Release|Any CPU
	EndGlobalSection
	GlobalSection(ProjectConfigurationPlatforms) = postSolution
		{97F43A78-49B7-448E-A97A-181B685D73F5}.Debug|Any CPU.ActiveCfg = Debug|Any CPU
		{97F43A78-49B7-448E-A97A-181B685D73F5}.Debug|Any CPU.Build.0 = Debug|Any CPU
		{97F43A78-49B7-448E-A97A-181B685D73F5}.Release|Any CPU.ActiveCfg = Release|Any CPU
		{97F43A78-49B7-448E-A97A-181B685D73F5}.Release|Any CPU.Build.0 = Release|Any CPU
	EndGlobalSection
	GlobalSection(SolutionProperties) = preSolution
		HideSolutionNode = FALSE
	EndGlobalSection
	GlobalSection(ExtensibilityGlobals) = postSolution
		SolutionGuid = {7F222DDB-4EDF-41AA-8E42-581B900B6832}
	EndGlobalSection
EndGlobal
